// !$*UTF8*$!
{
	archiveVersion = 1;
	classes = {
	};
	objectVersion = 46;
	objects = {

/* Begin PBXBuildFile section */
		84189EB419CB69E20057C8C4 /* Foundation.framework in Frameworks */ = {isa = PBXBuildFile; fileRef = 84189EB319CB69E20057C8C4 /* Foundation.framework */; };
		84189EB619CB69E20057C8C4 /* CoreGraphics.framework in Frameworks */ = {isa = PBXBuildFile; fileRef = 84189EB519CB69E20057C8C4 /* CoreGraphics.framework */; };
		84189EB819CB69E20057C8C4 /* UIKit.framework in Frameworks */ = {isa = PBXBuildFile; fileRef = 84189EB719CB69E20057C8C4 /* UIKit.framework */; };
		84189EBE19CB69E20057C8C4 /* InfoPlist.strings in Resources */ = {isa = PBXBuildFile; fileRef = 84189EBC19CB69E20057C8C4 /* InfoPlist.strings */; };
		84189EC019CB69E30057C8C4 /* main.m in Sources */ = {isa = PBXBuildFile; fileRef = 84189EBF19CB69E30057C8C4 /* main.m */; };
		84189EC419CB69E30057C8C4 /* AppDelegate.m in Sources */ = {isa = PBXBuildFile; fileRef = 84189EC319CB69E30057C8C4 /* AppDelegate.m */; };
		84189EC719CB69E30057C8C4 /* Main.storyboard in Resources */ = {isa = PBXBuildFile; fileRef = 84189EC519CB69E30057C8C4 /* Main.storyboard */; };
		84189ECA19CB69E40057C8C4 /* ViewController.m in Sources */ = {isa = PBXBuildFile; fileRef = 84189EC919CB69E40057C8C4 /* ViewController.m */; };
		84189ECC19CB69E40057C8C4 /* Images.xcassets in Resources */ = {isa = PBXBuildFile; fileRef = 84189ECB19CB69E40057C8C4 /* Images.xcassets */; };
		84189ED319CB69E40057C8C4 /* XCTest.framework in Frameworks */ = {isa = PBXBuildFile; fileRef = 84189ED219CB69E40057C8C4 /* XCTest.framework */; };
		84189ED419CB69E40057C8C4 /* Foundation.framework in Frameworks */ = {isa = PBXBuildFile; fileRef = 84189EB319CB69E20057C8C4 /* Foundation.framework */; };
		84189ED519CB69E40057C8C4 /* UIKit.framework in Frameworks */ = {isa = PBXBuildFile; fileRef = 84189EB719CB69E20057C8C4 /* UIKit.framework */; };
		84189EDD19CB69E40057C8C4 /* InfoPlist.strings in Resources */ = {isa = PBXBuildFile; fileRef = 84189EDB19CB69E40057C8C4 /* InfoPlist.strings */; };
		84189EDF19CB69E40057C8C4 /* TestDelegateTests.m in Sources */ = {isa = PBXBuildFile; fileRef = 84189EDE19CB69E40057C8C4 /* TestDelegateTests.m */; };
		84E69BB219CB74CD00BEB7B3 /* UserProfile.m in Sources */ = {isa = PBXBuildFile; fileRef = 84E69BB119CB74CD00BEB7B3 /* UserProfile.m */; };
		84E69BB519CBFB4A00BEB7B3 /* AddUserViewController.m in Sources */ = {isa = PBXBuildFile; fileRef = 84E69BB419CBFB4A00BEB7B3 /* AddUserViewController.m */; };
/* End PBXBuildFile section */

/* Begin PBXContainerItemProxy section */
		84189ED619CB69E40057C8C4 /* PBXContainerItemProxy */ = {
			isa = PBXContainerItemProxy;
			containerPortal = 84189EA819CB69E20057C8C4 /* Project object */;
			proxyType = 1;
			remoteGlobalIDString = 84189EAF19CB69E20057C8C4;
			remoteInfo = TestDelegate;
		};
/* End PBXContainerItemProxy section */

/* Begin PBXFileReference section */
		84189EB019CB69E20057C8C4 /* TestDelegate.app */ = {isa = PBXFileReference; explicitFileType = wrapper.application; includeInIndex = 0; path = TestDelegate.app; sourceTree = BUILT_PRODUCTS_DIR; };
		84189EB319CB69E20057C8C4 /* Foundation.framework */ = {isa = PBXFileReference; lastKnownFileType = wrapper.framework; name = Foundation.framework; path = System/Library/Frameworks/Foundation.framework; sourceTree = SDKROOT; };
		84189EB519CB69E20057C8C4 /* CoreGraphics.framework */ = {isa = PBXFileReference; lastKnownFileType = wrapper.framework; name = CoreGraphics.framework; path = System/Library/Frameworks/CoreGraphics.framework; sourceTree = SDKROOT; };
		84189EB719CB69E20057C8C4 /* UIKit.framework */ = {isa = PBXFileReference; lastKnownFileType = wrapper.framework; name = UIKit.framework; path = System/Library/Frameworks/UIKit.framework; sourceTree = SDKROOT; };
		84189EBB19CB69E20057C8C4 /* TestDelegate-Info.plist */ = {isa = PBXFileReference; lastKnownFileType = text.plist.xml; path = "TestDelegate-Info.plist"; sourceTree = "<group>"; };
		84189EBD19CB69E20057C8C4 /* en */ = {isa = PBXFileReference; lastKnownFileType = text.plist.strings; name = en; path = en.lproj/InfoPlist.strings; sourceTree = "<group>"; };
		84189EBF19CB69E30057C8C4 /* main.m */ = {isa = PBXFileReference; lastKnownFileType = sourcecode.c.objc; path = main.m; sourceTree = "<group>"; };
		84189EC119CB69E30057C8C4 /* TestDelegate-Prefix.pch */ = {isa = PBXFileReference; lastKnownFileType = sourcecode.c.h; path = "TestDelegate-Prefix.pch"; sourceTree = "<group>"; };
		84189EC219CB69E30057C8C4 /* AppDelegate.h */ = {isa = PBXFileReference; lastKnownFileType = sourcecode.c.h; path = AppDelegate.h; sourceTree = "<group>"; };
		84189EC319CB69E30057C8C4 /* AppDelegate.m */ = {isa = PBXFileReference; lastKnownFileType = sourcecode.c.objc; path = AppDelegate.m; sourceTree = "<group>"; };
		84189EC619CB69E30057C8C4 /* Base */ = {isa = PBXFileReference; lastKnownFileType = file.storyboard; name = Base; path = Base.lproj/Main.storyboard; sourceTree = "<group>"; };
		84189EC819CB69E30057C8C4 /* ViewController.h */ = {isa = PBXFileReference; lastKnownFileType = sourcecode.c.h; path = ViewController.h; sourceTree = "<group>"; };
		84189EC919CB69E40057C8C4 /* ViewController.m */ = {isa = PBXFileReference; lastKnownFileType = sourcecode.c.objc; path = ViewController.m; sourceTree = "<group>"; };
		84189ECB19CB69E40057C8C4 /* Images.xcassets */ = {isa = PBXFileReference; lastKnownFileType = folder.assetcatalog; path = Images.xcassets; sourceTree = "<group>"; };
		84189ED119CB69E40057C8C4 /* TestDelegateTests.xctest */ = {isa = PBXFileReference; explicitFileType = wrapper.cfbundle; includeInIndex = 0; path = TestDelegateTests.xctest; sourceTree = BUILT_PRODUCTS_DIR; };
		84189ED219CB69E40057C8C4 /* XCTest.framework */ = {isa = PBXFileReference; lastKnownFileType = wrapper.framework; name = XCTest.framework; path = Library/Frameworks/XCTest.framework; sourceTree = DEVELOPER_DIR; };
		84189EDA19CB69E40057C8C4 /* TestDelegateTests-Info.plist */ = {isa = PBXFileReference; lastKnownFileType = text.plist.xml; path = "TestDelegateTests-Info.plist"; sourceTree = "<group>"; };
		84189EDC19CB69E40057C8C4 /* en */ = {isa = PBXFileReference; lastKnownFileType = text.plist.strings; name = en; path = en.lproj/InfoPlist.strings; sourceTree = "<group>"; };
		84189EDE19CB69E40057C8C4 /* TestDelegateTests.m */ = {isa = PBXFileReference; lastKnownFileType = sourcecode.c.objc; path = TestDelegateTests.m; sourceTree = "<group>"; };
		84E69BB019CB74CD00BEB7B3 /* UserProfile.h */ = {isa = PBXFileReference; fileEncoding = 4; lastKnownFileType = sourcecode.c.h; path = UserProfile.h; sourceTree = "<group>"; };
		84E69BB119CB74CD00BEB7B3 /* UserProfile.m */ = {isa = PBXFileReference; fileEncoding = 4; lastKnownFileType = sourcecode.c.objc; path = UserProfile.m; sourceTree = "<group>"; };
		84E69BB319CBFB4A00BEB7B3 /* AddUserViewController.h */ = {isa = PBXFileReference; fileEncoding = 4; lastKnownFileType = sourcecode.c.h; path = AddUserViewController.h; sourceTree = "<group>"; };
		84E69BB419CBFB4A00BEB7B3 /* AddUserViewController.m */ = {isa = PBXFileReference; fileEncoding = 4; lastKnownFileType = sourcecode.c.objc; path = AddUserViewController.m; sourceTree = "<group>"; };
/* End PBXFileReference section */

/* Begin PBXFrameworksBuildPhase section */
		84189EAD19CB69E20057C8C4 /* Frameworks */ = {
			isa = PBXFrameworksBuildPhase;
			buildActionMask = 2147483647;
			files = (
				84189EB619CB69E20057C8C4 /* CoreGraphics.framework in Frameworks */,
				84189EB819CB69E20057C8C4 /* UIKit.framework in Frameworks */,
				84189EB419CB69E20057C8C4 /* Foundation.framework in Frameworks */,
			);
			runOnlyForDeploymentPostprocessing = 0;
		};
		84189ECE19CB69E40057C8C4 /* Frameworks */ = {
			isa = PBXFrameworksBuildPhase;
			buildActionMask = 2147483647;
			files = (
				84189ED319CB69E40057C8C4 /* XCTest.framework in Frameworks */,
				84189ED519CB69E40057C8C4 /* UIKit.framework in Frameworks */,
				84189ED419CB69E40057C8C4 /* Foundation.framework in Frameworks */,
			);
			runOnlyForDeploymentPostprocessing = 0;
		};
/* End PBXFrameworksBuildPhase section */

/* Begin PBXGroup section */
		84189EA719CB69E20057C8C4 = {
			isa = PBXGroup;
			children = (
				84189EB919CB69E20057C8C4 /* TestDelegate */,
				84189ED819CB69E40057C8C4 /* TestDelegateTests */,
				84189EB219CB69E20057C8C4 /* Frameworks */,
				84189EB119CB69E20057C8C4 /* Products */,
			);
			sourceTree = "<group>";
		};
		84189EB119CB69E20057C8C4 /* Products */ = {
			isa = PBXGroup;
			children = (
				84189EB019CB69E20057C8C4 /* TestDelegate.app */,
				84189ED119CB69E40057C8C4 /* TestDelegateTests.xctest */,
			);
			name = Products;
			sourceTree = "<group>";
		};
		84189EB219CB69E20057C8C4 /* Frameworks */ = {
			isa = PBXGroup;
			children = (
				84189EB319CB69E20057C8C4 /* Foundation.framework */,
				84189EB519CB69E20057C8C4 /* CoreGraphics.framework */,
				84189EB719CB69E20057C8C4 /* UIKit.framework */,
				84189ED219CB69E40057C8C4 /* XCTest.framework */,
			);
			name = Frameworks;
			sourceTree = "<group>";
		};
		84189EB919CB69E20057C8C4 /* TestDelegate */ = {
			isa = PBXGroup;
			children = (
				84189EC219CB69E30057C8C4 /* AppDelegate.h */,
				84189EC319CB69E30057C8C4 /* AppDelegate.m */,
				84189EC519CB69E30057C8C4 /* Main.storyboard */,
				84E69BB319CBFB4A00BEB7B3 /* AddUserViewController.h */,
				84E69BB419CBFB4A00BEB7B3 /* AddUserViewController.m */,
				84189EC819CB69E30057C8C4 /* ViewController.h */,
				84189EC919CB69E40057C8C4 /* ViewController.m */,
				84189ECB19CB69E40057C8C4 /* Images.xcassets */,
				84189EBA19CB69E20057C8C4 /* Supporting Files */,
				84E69BB019CB74CD00BEB7B3 /* UserProfile.h */,
				84E69BB119CB74CD00BEB7B3 /* UserProfile.m */,
			);
			path = TestDelegate;
			sourceTree = "<group>";
		};
		84189EBA19CB69E20057C8C4 /* Supporting Files */ = {
			isa = PBXGroup;
			children = (
				84189EBB19CB69E20057C8C4 /* TestDelegate-Info.plist */,
				84189EBC19CB69E20057C8C4 /* InfoPlist.strings */,
				84189EBF19CB69E30057C8C4 /* main.m */,
				84189EC119CB69E30057C8C4 /* TestDelegate-Prefix.pch */,
			);
			name = "Supporting Files";
			sourceTree = "<group>";
		};
		84189ED819CB69E40057C8C4 /* TestDelegateTests */ = {
			isa = PBXGroup;
			children = (
				84189EDE19CB69E40057C8C4 /* TestDelegateTests.m */,
				84189ED919CB69E40057C8C4 /* Supporting Files */,
			);
			path = TestDelegateTests;
			sourceTree = "<group>";
		};
		84189ED919CB69E40057C8C4 /* Supporting Files */ = {
			isa = PBXGroup;
			children = (
				84189EDA19CB69E40057C8C4 /* TestDelegateTests-Info.plist */,
				84189EDB19CB69E40057C8C4 /* InfoPlist.strings */,
			);
			name = "Supporting Files";
			sourceTree = "<group>";
		};
/* End PBXGroup section */

/* Begin PBXNativeTarget section */
		84189EAF19CB69E20057C8C4 /* TestDelegate */ = {
			isa = PBXNativeTarget;
			buildConfigurationList = 84189EE219CB69E40057C8C4 /* Build configuration list for PBXNativeTarget "TestDelegate" */;
			buildPhases = (
				84189EAC19CB69E20057C8C4 /* Sources */,
				84189EAD19CB69E20057C8C4 /* Frameworks */,
				84189EAE19CB69E20057C8C4 /* Resources */,
			);
			buildRules = (
			);
			dependencies = (
			);
			name = TestDelegate;
			productName = TestDelegate;
			productReference = 84189EB019CB69E20057C8C4 /* TestDelegate.app */;
			productType = "com.apple.product-type.application";
		};
		84189ED019CB69E40057C8C4 /* TestDelegateTests */ = {
			isa = PBXNativeTarget;
			buildConfigurationList = 84189EE519CB69E40057C8C4 /* Build configuration list for PBXNativeTarget "TestDelegateTests" */;
			buildPhases = (
				84189ECD19CB69E40057C8C4 /* Sources */,
				84189ECE19CB69E40057C8C4 /* Frameworks */,
				84189ECF19CB69E40057C8C4 /* Resources */,
			);
			buildRules = (
			);
			dependencies = (
				84189ED719CB69E40057C8C4 /* PBXTargetDependency */,
			);
			name = TestDelegateTests;
			productName = TestDelegateTests;
			productReference = 84189ED119CB69E40057C8C4 /* TestDelegateTests.xctest */;
			productType = "com.apple.product-type.bundle.unit-test";
		};
/* End PBXNativeTarget section */

/* Begin PBXProject section */
		84189EA819CB69E20057C8C4 /* Project object */ = {
			isa = PBXProject;
			attributes = {
				LastUpgradeCheck = 0510;
				ORGANIZATIONNAME = "Aliaksei Smuhaliou";
				TargetAttributes = {
					84189ED019CB69E40057C8C4 = {
						TestTargetID = 84189EAF19CB69E20057C8C4;
					};
				};
			};
			buildConfigurationList = 84189EAB19CB69E20057C8C4 /* Build configuration list for PBXProject "TestDelegate" */;
			compatibilityVersion = "Xcode 3.2";
			developmentRegion = English;
			hasScannedForEncodings = 0;
			knownRegions = (
				en,
				Base,
			);
			mainGroup = 84189EA719CB69E20057C8C4;
			productRefGroup = 84189EB119CB69E20057C8C4 /* Products */;
			projectDirPath = "";
			projectRoot = "";
			targets = (
				84189EAF19CB69E20057C8C4 /* TestDelegate */,
				84189ED019CB69E40057C8C4 /* TestDelegateTests */,
			);
		};
/* End PBXProject section */

/* Begin PBXResourcesBuildPhase section */
		84189EAE19CB69E20057C8C4 /* Resources */ = {
			isa = PBXResourcesBuildPhase;
			buildActionMask = 2147483647;
			files = (
				84189ECC19CB69E40057C8C4 /* Images.xcassets in Resources */,
				84189EBE19CB69E20057C8C4 /* InfoPlist.strings in Resources */,
				84189EC719CB69E30057C8C4 /* Main.storyboard in Resources */,
			);
			runOnlyForDeploymentPostprocessing = 0;
		};
		84189ECF19CB69E40057C8C4 /* Resources */ = {
			isa = PBXResourcesBuildPhase;
			buildActionMask = 2147483647;
			files = (
				84189EDD19CB69E40057C8C4 /* InfoPlist.strings in Resources */,
			);
			runOnlyForDeploymentPostprocessing = 0;
		};
/* End PBXResourcesBuildPhase section */

/* Begin PBXSourcesBuildPhase section */
		84189EAC19CB69E20057C8C4 /* Sources */ = {
			isa = PBXSourcesBuildPhase;
			buildActionMask = 2147483647;
			files = (
				84E69BB219CB74CD00BEB7B3 /* UserProfile.m in Sources */,
				84E69BB519CBFB4A00BEB7B3 /* AddUserViewController.m in Sources */,
				84189ECA19CB69E40057C8C4 /* ViewController.m in Sources */,
				84189EC419CB69E30057C8C4 /* AppDelegate.m in Sources */,
				84189EC019CB69E30057C8C4 /* main.m in Sources */,
			);
			runOnlyForDeploymentPostprocessing = 0;
		};
		84189ECD19CB69E40057C8C4 /* Sources */ = {
			isa = PBXSourcesBuildPhase;
			buildActionMask = 2147483647;
			files = (
				84189EDF19CB69E40057C8C4 /* TestDelegateTests.m in Sources */,
			);
			runOnlyForDeploymentPostprocessing = 0;
		};
/* End PBXSourcesBuildPhase section */

/* Begin PBXTargetDependency section */
		84189ED719CB69E40057C8C4 /* PBXTargetDependency */ = {
			isa = PBXTargetDependency;
			target = 84189EAF19CB69E20057C8C4 /* TestDelegate */;
			targetProxy = 84189ED619CB69E40057C8C4 /* PBXContainerItemProxy */;
		};
/* End PBXTargetDependency section */

/* Begin PBXVariantGroup section */
		84189EBC19CB69E20057C8C4 /* InfoPlist.strings */ = {
			isa = PBXVariantGroup;
			children = (
				84189EBD19CB69E20057C8C4 /* en */,
			);
			name = InfoPlist.strings;
			sourceTree = "<group>";
		};
		84189EC519CB69E30057C8C4 /* Main.storyboard */ = {
			isa = PBXVariantGroup;
			children = (
				84189EC619CB69E30057C8C4 /* Base */,
			);
			name = Main.storyboard;
			sourceTree = "<group>";
		};
		84189EDB19CB69E40057C8C4 /* InfoPlist.strings */ = {
			isa = PBXVariantGroup;
			children = (
				84189EDC19CB69E40057C8C4 /* en */,
			);
			name = InfoPlist.strings;
			sourceTree = "<group>";
		};
/* End PBXVariantGroup section */

/* Begin XCBuildConfiguration section */
		84189EE019CB69E40057C8C4 /* Debug */ = {
			isa = XCBuildConfiguration;
			buildSettings = {
				ALWAYS_SEARCH_USER_PATHS = NO;
				CLANG_CXX_LANGUAGE_STANDARD = "gnu++0x";
				CLANG_CXX_LIBRARY = "libc++";
				CLANG_ENABLE_MODULES = YES;
				CLANG_ENABLE_OBJC_ARC = YES;
				CLANG_WARN_BOOL_CONVERSION = YES;
				CLANG_WARN_CONSTANT_CONVERSION = YES;
				CLANG_WARN_DIRECT_OBJC_ISA_USAGE = YES_ERROR;
				CLANG_WARN_EMPTY_BODY = YES;
				CLANG_WARN_ENUM_CONVERSION = YES;
				CLANG_WARN_INT_CONVERSION = YES;
				CLANG_WARN_OBJC_ROOT_CLASS = YES_ERROR;
				CLANG_WARN__DUPLICATE_METHOD_MATCH = YES;
				"CODE_SIGN_IDENTITY[sdk=iphoneos*]" = "iPhone Developer";
				COPY_PHASE_STRIP = NO;
				GCC_C_LANGUAGE_STANDARD = gnu99;
				GCC_DYNAMIC_NO_PIC = NO;
				GCC_OPTIMIZATION_LEVEL = 0;
				GCC_PREPROCESSOR_DEFINITIONS = (
					"DEBUG=1",
					"$(inherited)",
				);
				GCC_SYMBOLS_PRIVATE_EXTERN = NO;
				GCC_WARN_64_TO_32_BIT_CONVERSION = YES;
				GCC_WARN_ABOUT_RETURN_TYPE = YES_ERROR;
				GCC_WARN_UNDECLARED_SELECTOR = YES;
				GCC_WARN_UNINITIALIZED_AUTOS = YES_AGGRESSIVE;
				GCC_WARN_UNUSED_FUNCTION = YES;
				GCC_WARN_UNUSED_VARIABLE = YES;
				IPHONEOS_DEPLOYMENT_TARGET = 7.1;
				ONLY_ACTIVE_ARCH = YES;
				SDKROOT = iphoneos;
				TARGETED_DEVICE_FAMILY = 2;
			};
			name = Debug;
		};
		84189EE119CB69E40057C8C4 /* Release */ = {
			isa = XCBuildConfiguration;
			buildSettings = {
				ALWAYS_SEARCH_USER_PATHS = NO;
				CLANG_CXX_LANGUAGE_STANDARD = "gnu++0x";
				CLANG_CXX_LIBRARY = "libc++";
				CLANG_ENABLE_MODULES = YES;
				CLANG_ENABLE_OBJC_ARC = YES;
				CLANG_WARN_BOOL_CONVERSION = YES;
				CLANG_WARN_CONSTANT_CONVERSION = YES;
				CLANG_WARN_DIRECT_OBJC_ISA_USAGE = YES_ERROR;
				CLANG_WARN_EMPTY_BODY = YES;
				CLANG_WARN_ENUM_CONVERSION = YES;
				CLANG_WARN_INT_CONVERSION = YES;
				CLANG_WARN_OBJC_ROOT_CLASS = YES_ERROR;
				CLANG_WARN__DUPLICATE_METHOD_MATCH = YES;
				"CODE_SIGN_IDENTITY[sdk=iphoneos*]" = "iPhone Developer";
				COPY_PHASE_STRIP = YES;
				ENABLE_NS_ASSERTIONS = NO;
				GCC_C_LANGUAGE_STANDARD = gnu99;
				GCC_WARN_64_TO_32_BIT_CONVERSION = YES;
				GCC_WARN_ABOUT_RETURN_TYPE = YES_ERROR;
				GCC_WARN_UNDECLARED_SELECTOR = YES;
				GCC_WARN_UNINITIALIZED_AUTOS = YES_AGGRESSIVE;
				GCC_WARN_UNUSED_FUNCTION = YES;
				GCC_WARN_UNUSED_VARIABLE = YES;
				IPHONEOS_DEPLOYMENT_TARGET = 7.1;
				SDKROOT = iphoneos;
				TARGETED_DEVICE_FAMILY = 2;
				VALIDATE_PRODUCT = YES;
			};
			name = Release;
		};
		84189EE319CB69E40057C8C4 /* Debug */ = {
			isa = XCBuildConfiguration;
			buildSettings = {
				ASSETCATALOG_COMPILER_APPICON_NAME = AppIcon;
				ASSETCATALOG_COMPILER_LAUNCHIMAGE_NAME = LaunchImage;
				GCC_PRECOMPILE_PREFIX_HEADER = YES;
				GCC_PREFIX_HEADER = "TestDelegate/TestDelegate-Prefix.pch";
				INFOPLIST_FILE = "TestDelegate/TestDelegate-Info.plist";
				IPHONEOS_DEPLOYMENT_TARGET = 7.1;
				PRODUCT_NAME = "$(TARGET_NAME)";
				TARGETED_DEVICE_FAMILY = "1,2";
				WRAPPER_EXTENSION = app;
			};
			name = Debug;
		};
		84189EE419CB69E40057C8C4 /* Release */ = {
			isa = XCBuildConfiguration;
			buildSettings = {
				ASSETCATALOG_COMPILER_APPICON_NAME = AppIcon;
				ASSETCATALOG_COMPILER_LAUNCHIMAGE_NAME = LaunchImage;
				GCC_PRECOMPILE_PREFIX_HEADER = YES;
				GCC_PREFIX_HEADER = "TestDelegate/TestDelegate-Prefix.pch";
				INFOPLIST_FILE = "TestDelegate/TestDelegate-Info.plist";
				IPHONEOS_DEPLOYMENT_TARGET = 7.1;
				PRODUCT_NAME = "$(TARGET_NAME)";
				TARGETED_DEVICE_FAMILY = "1,2";
				WRAPPER_EXTENSION = app;
			};
			name = Release;
		};
		84189EE619CB69E40057C8C4 /* Debug */ = {
			isa = XCBuildConfiguration;
			buildSettings = {
				BUNDLE_LOADER = "$(BUILT_PRODUCTS_DIR)/TestDelegate.app/TestDelegate";
				FRAMEWORK_SEARCH_PATHS = (
					"$(SDKROOT)/Developer/Library/Frameworks",
					"$(inherited)",
					"$(DEVELOPER_FRAMEWORKS_DIR)",
				);
				GCC_PRECOMPILE_PREFIX_HEADER = YES;
				GCC_PREFIX_HEADER = "TestDelegate/TestDelegate-Prefix.pch";
				GCC_PREPROCESSOR_DEFINITIONS = (
					"DEBUG=1",
					"$(inherited)",
				);
				INFOPLIST_FILE = "TestDelegateTests/TestDelegateTests-Info.plist";
				PRODUCT_NAME = "$(TARGET_NAME)";
				TEST_HOST = "$(BUNDLE_LOADER)";
				WRAPPER_EXTENSION = xctest;
			};
			name = Debug;
		};
		84189EE719CB69E40057C8C4 /* Release */ = {
			isa = XCBuildConfiguration;
			buildSettings = {
				BUNDLE_LOADER = "$(BUILT_PRODUCTS_DIR)/TestDelegate.app/TestDelegate";
				FRAMEWORK_SEARCH_PATHS = (
					"$(SDKROOT)/Developer/Library/Frameworks",
					"$(inherited)",
					"$(DEVELOPER_FRAMEWORKS_DIR)",
				);
				GCC_PRECOMPILE_PREFIX_HEADER = YES;
				GCC_PREFIX_HEADER = "TestDelegate/TestDelegate-Prefix.pch";
				INFOPLIST_FILE = "TestDelegateTests/TestDelegateTests-Info.plist";
				PRODUCT_NAME = "$(TARGET_NAME)";
				TEST_HOST = "$(BUNDLE_LOADER)";
				WRAPPER_EXTENSION = xctest;
			};
			name = Release;
		};
/* End XCBuildConfiguration section */

/* Begin XCConfigurationList section */
		84189EAB19CB69E20057C8C4 /* Build configuration list for PBXProject "TestDelegate" */ = {
			isa = XCConfigurationList;
			buildConfigurations = (
				84189EE019CB69E40057C8C4 /* Debug */,
				84189EE119CB69E40057C8C4 /* Release */,
			);
			defaultConfigurationIsVisible = 0;
			defaultConfigurationName = Release;
		};
		84189EE219CB69E40057C8C4 /* Build configuration list for PBXNativeTarget "TestDelegate" */ = {
			isa = XCConfigurationList;
			buildConfigurations = (
				84189EE319CB69E40057C8C4 /* Debug */,
				84189EE419CB69E40057C8C4 /* Release */,
			);
			defaultConfigurationIsVisible = 0;
			defaultConfigurationName = Release;
		};
		84189EE519CB69E40057C8C4 /* Build configuration list for PBXNativeTarget "TestDelegateTests" */ = {
			isa = XCConfigurationList;
			buildConfigurations = (
				84189EE619CB69E40057C8C4 /* Debug */,
				84189EE719CB69E40057C8C4 /* Release */,
			);
			defaultConfigurationIsVisible = 0;
			defaultConfigurationName = Release;
		};
/* End XCConfigurationList section */
	};
	rootObject = 84189EA819CB69E20057C8C4 /* Project object */;
}
